
Microsoft Visual Studio Solution File, Format Version 12.00
# Visual Studio Version 17
VisualStudioVersion = 17.13.36105.23 d17.13
MinimumVisualStudioVersion = 10.0.40219.1
Project("{FAE04EC0-301F-11D3-BF4B-00C04F79EFBC}") = "HW_30.05.2025", "HW_30.05.2025.csproj", "{D1D1A20F-7164-47D4-B918-93F586EC4812}"
EndProject
Global
	GlobalSection(SolutionConfigurationPlatforms) = preSolution
		Debug|Any CPU = Debug|Any CPU
		Release|Any CPU = Release|Any CPU
	EndGlobalSection
	GlobalSection(ProjectConfigurationPlatforms) = postSolution
		{D1D1A20F-7164-47D4-B918-93F586EC4812}.Debug|Any CPU.ActiveCfg = Debug|Any CPU
		{D1D1A20F-7164-47D4-B918-93F586EC4812}.Debug|Any CPU.Build.0 = Debug|Any CPU
		{D1D1A20F-7164-47D4-B918-93F586EC4812}.Release|Any CPU.ActiveCfg = Release|Any CPU
		{D1D1A20F-7164-47D4-B918-93F586EC4812}.Release|Any CPU.Build.0 = Release|Any CPU
	EndGlobalSection
	GlobalSection(SolutionProperties) = preSolution
		HideSolutionNode = FALSE
	EndGlobalSection
	GlobalSection(ExtensibilityGlobals) = postSolution
		SolutionGuid = {B9F729B0-1E64-4208-A364-1AE57367538F}
	EndGlobalSection
EndGlobal
